// !$*UTF8*$!
{
	archiveVersion = 1;
	classes = {
	};
	objectVersion = 46;
	objects = {

/* Begin PBXBuildFile section */
		76F4E3CA1A53AFAA0044D8C8 /* main.m in Sources */ = {isa = PBXBuildFile; fileRef = 76F4E3C91A53AFAA0044D8C8 /* main.m */; };
		76F4E3CD1A53AFAA0044D8C8 /* AppDelegate.m in Sources */ = {isa = PBXBuildFile; fileRef = 76F4E3CC1A53AFAA0044D8C8 /* AppDelegate.m */; };
		76F4E3D01A53AFAA0044D8C8 /* ViewController.m in Sources */ = {isa = PBXBuildFile; fileRef = 76F4E3CF1A53AFAA0044D8C8 /* ViewController.m */; };
		76F4E3D31A53AFAA0044D8C8 /* Main.storyboard in Resources */ = {isa = PBXBuildFile; fileRef = 76F4E3D11A53AFAA0044D8C8 /* Main.storyboard */; };
		76F4E3D51A53AFAA0044D8C8 /* Images.xcassets in Resources */ = {isa = PBXBuildFile; fileRef = 76F4E3D41A53AFAA0044D8C8 /* Images.xcassets */; };
		76F4E3D81A53AFAA0044D8C8 /* LaunchScreen.xib in Resources */ = {isa = PBXBuildFile; fileRef = 76F4E3D61A53AFAA0044D8C8 /* LaunchScreen.xib */; };
		76F4E3E41A53AFAA0044D8C8 /* RSSTests.m in Sources */ = {isa = PBXBuildFile; fileRef = 76F4E3E31A53AFAA0044D8C8 /* RSSTests.m */; };
		76F4E3F01A53B0750044D8C8 /* RSSReaderTableViewController.m in Sources */ = {isa = PBXBuildFile; fileRef = 76F4E3EF1A53B0750044D8C8 /* RSSReaderTableViewController.m */; };
		76F4E3F31A53B1810044D8C8 /* WebPageViewController.m in Sources */ = {isa = PBXBuildFile; fileRef = 76F4E3F21A53B1810044D8C8 /* WebPageViewController.m */; };
		76F4E3F71A53CB5D0044D8C8 /* RssItem.m in Sources */ = {isa = PBXBuildFile; fileRef = 76F4E3F61A53CB5D0044D8C8 /* RssItem.m */; };
/* End PBXBuildFile section */

/* Begin PBXContainerItemProxy section */
		76F4E3DE1A53AFAA0044D8C8 /* PBXContainerItemProxy */ = {
			isa = PBXContainerItemProxy;
			containerPortal = 76F4E3BC1A53AFAA0044D8C8 /* Project object */;
			proxyType = 1;
			remoteGlobalIDString = 76F4E3C31A53AFAA0044D8C8;
			remoteInfo = RSS;
		};
/* End PBXContainerItemProxy section */

/* Begin PBXFileReference section */
		76F4E3C41A53AFAA0044D8C8 /* RSS.app */ = {isa = PBXFileReference; explicitFileType = wrapper.application; includeInIndex = 0; path = RSS.app; sourceTree = BUILT_PRODUCTS_DIR; };
		76F4E3C81A53AFAA0044D8C8 /* Info.plist */ = {isa = PBXFileReference; lastKnownFileType = text.plist.xml; path = Info.plist; sourceTree = "<group>"; };
		76F4E3C91A53AFAA0044D8C8 /* main.m */ = {isa = PBXFileReference; lastKnownFileType = sourcecode.c.objc; path = main.m; sourceTree = "<group>"; };
		76F4E3CB1A53AFAA0044D8C8 /* AppDelegate.h */ = {isa = PBXFileReference; lastKnownFileType = sourcecode.c.h; path = AppDelegate.h; sourceTree = "<group>"; };
		76F4E3CC1A53AFAA0044D8C8 /* AppDelegate.m */ = {isa = PBXFileReference; lastKnownFileType = sourcecode.c.objc; path = AppDelegate.m; sourceTree = "<group>"; };
		76F4E3CE1A53AFAA0044D8C8 /* ViewController.h */ = {isa = PBXFileReference; lastKnownFileType = sourcecode.c.h; path = ViewController.h; sourceTree = "<group>"; };
		76F4E3CF1A53AFAA0044D8C8 /* ViewController.m */ = {isa = PBXFileReference; lastKnownFileType = sourcecode.c.objc; path = ViewController.m; sourceTree = "<group>"; };
		76F4E3D21A53AFAA0044D8C8 /* Base */ = {isa = PBXFileReference; lastKnownFileType = file.storyboard; name = Base; path = Base.lproj/Main.storyboard; sourceTree = "<group>"; };
		76F4E3D41A53AFAA0044D8C8 /* Images.xcassets */ = {isa = PBXFileReference; lastKnownFileType = folder.assetcatalog; path = Images.xcassets; sourceTree = "<group>"; };
		76F4E3D71A53AFAA0044D8C8 /* Base */ = {isa = PBXFileReference; lastKnownFileType = file.xib; name = Base; path = Base.lproj/LaunchScreen.xib; sourceTree = "<group>"; };
		76F4E3DD1A53AFAA0044D8C8 /* RSSTests.xctest */ = {isa = PBXFileReference; explicitFileType = wrapper.cfbundle; includeInIndex = 0; path = RSSTests.xctest; sourceTree = BUILT_PRODUCTS_DIR; };
		76F4E3E21A53AFAA0044D8C8 /* Info.plist */ = {isa = PBXFileReference; lastKnownFileType = text.plist.xml; path = Info.plist; sourceTree = "<group>"; };
		76F4E3E31A53AFAA0044D8C8 /* RSSTests.m */ = {isa = PBXFileReference; lastKnownFileType = sourcecode.c.objc; path = RSSTests.m; sourceTree = "<group>"; };
		76F4E3EE1A53B0750044D8C8 /* RSSReaderTableViewController.h */ = {isa = PBXFileReference; fileEncoding = 4; lastKnownFileType = sourcecode.c.h; path = RSSReaderTableViewController.h; sourceTree = "<group>"; };
		76F4E3EF1A53B0750044D8C8 /* RSSReaderTableViewController.m */ = {isa = PBXFileReference; fileEncoding = 4; lastKnownFileType = sourcecode.c.objc; path = RSSReaderTableViewController.m; sourceTree = "<group>"; };
		76F4E3F11A53B1810044D8C8 /* WebPageViewController.h */ = {isa = PBXFileReference; fileEncoding = 4; lastKnownFileType = sourcecode.c.h; path = WebPageViewController.h; sourceTree = "<group>"; };
		76F4E3F21A53B1810044D8C8 /* WebPageViewController.m */ = {isa = PBXFileReference; fileEncoding = 4; lastKnownFileType = sourcecode.c.objc; path = WebPageViewController.m; sourceTree = "<group>"; };
		76F4E3F51A53CB5D0044D8C8 /* RssItem.h */ = {isa = PBXFileReference; fileEncoding = 4; lastKnownFileType = sourcecode.c.h; path = RssItem.h; sourceTree = "<group>"; };
		76F4E3F61A53CB5D0044D8C8 /* RssItem.m */ = {isa = PBXFileReference; fileEncoding = 4; lastKnownFileType = sourcecode.c.objc; path = RssItem.m; sourceTree = "<group>"; };
/* End PBXFileReference section */

/* Begin PBXFrameworksBuildPhase section */
		76F4E3C11A53AFAA0044D8C8 /* Frameworks */ = {
			isa = PBXFrameworksBuildPhase;
			buildActionMask = 2147483647;
			files = (
			);
			runOnlyForDeploymentPostprocessing = 0;
		};
		76F4E3DA1A53AFAA0044D8C8 /* Frameworks */ = {
			isa = PBXFrameworksBuildPhase;
			buildActionMask = 2147483647;
			files = (
			);
			runOnlyForDeploymentPostprocessing = 0;
		};
/* End PBXFrameworksBuildPhase section */

/* Begin PBXGroup section */
		76F4E3BB1A53AFAA0044D8C8 = {
			isa = PBXGroup;
			children = (
				76F4E3C61A53AFAA0044D8C8 /* RSS */,
				76F4E3E01A53AFAA0044D8C8 /* RSSTests */,
				76F4E3C51A53AFAA0044D8C8 /* Products */,
			);
			sourceTree = "<group>";
		};
		76F4E3C51A53AFAA0044D8C8 /* Products */ = {
			isa = PBXGroup;
			children = (
				76F4E3C41A53AFAA0044D8C8 /* RSS.app */,
				76F4E3DD1A53AFAA0044D8C8 /* RSSTests.xctest */,
			);
			name = Products;
			sourceTree = "<group>";
		};
		76F4E3C61A53AFAA0044D8C8 /* RSS */ = {
			isa = PBXGroup;
			children = (
				76F4E3F41A53CB460044D8C8 /* Views */,
				76F4E3ED1A53B02F0044D8C8 /* ViewControllers */,
				76F4E3D11A53AFAA0044D8C8 /* Main.storyboard */,
				76F4E3D41A53AFAA0044D8C8 /* Images.xcassets */,
				76F4E3D61A53AFAA0044D8C8 /* LaunchScreen.xib */,
				76F4E3C71A53AFAA0044D8C8 /* Supporting Files */,
			);
			path = RSS;
			sourceTree = "<group>";
		};
		76F4E3C71A53AFAA0044D8C8 /* Supporting Files */ = {
			isa = PBXGroup;
			children = (
				76F4E3CB1A53AFAA0044D8C8 /* AppDelegate.h */,
				76F4E3CC1A53AFAA0044D8C8 /* AppDelegate.m */,
				76F4E3C81A53AFAA0044D8C8 /* Info.plist */,
				76F4E3C91A53AFAA0044D8C8 /* main.m */,
			);
			name = "Supporting Files";
			sourceTree = "<group>";
		};
		76F4E3E01A53AFAA0044D8C8 /* RSSTests */ = {
			isa = PBXGroup;
			children = (
				76F4E3E31A53AFAA0044D8C8 /* RSSTests.m */,
				76F4E3E11A53AFAA0044D8C8 /* Supporting Files */,
			);
			path = RSSTests;
			sourceTree = "<group>";
		};
		76F4E3E11A53AFAA0044D8C8 /* Supporting Files */ = {
			isa = PBXGroup;
			children = (
				76F4E3E21A53AFAA0044D8C8 /* Info.plist */,
			);
			name = "Supporting Files";
			sourceTree = "<group>";
		};
		76F4E3ED1A53B02F0044D8C8 /* ViewControllers */ = {
			isa = PBXGroup;
			children = (
				76F4E3CE1A53AFAA0044D8C8 /* ViewController.h */,
				76F4E3CF1A53AFAA0044D8C8 /* ViewController.m */,
				76F4E3EE1A53B0750044D8C8 /* RSSReaderTableViewController.h */,
				76F4E3EF1A53B0750044D8C8 /* RSSReaderTableViewController.m */,
				76F4E3F11A53B1810044D8C8 /* WebPageViewController.h */,
				76F4E3F21A53B1810044D8C8 /* WebPageViewController.m */,
			);
			name = ViewControllers;
			sourceTree = "<group>";
		};
		76F4E3F41A53CB460044D8C8 /* Views */ = {
			isa = PBXGroup;
			children = (
				76F4E3F51A53CB5D0044D8C8 /* RssItem.h */,
				76F4E3F61A53CB5D0044D8C8 /* RssItem.m */,
			);
			name = Views;
			sourceTree = "<group>";
		};
/* End PBXGroup section */

/* Begin PBXNativeTarget section */
		76F4E3C31A53AFAA0044D8C8 /* RSS */ = {
			isa = PBXNativeTarget;
			buildConfigurationList = 76F4E3E71A53AFAA0044D8C8 /* Build configuration list for PBXNativeTarget "RSS" */;
			buildPhases = (
				76F4E3C01A53AFAA0044D8C8 /* Sources */,
				76F4E3C11A53AFAA0044D8C8 /* Frameworks */,
				76F4E3C21A53AFAA0044D8C8 /* Resources */,
			);
			buildRules = (
			);
			dependencies = (
			);
			name = RSS;
			productName = RSS;
			productReference = 76F4E3C41A53AFAA0044D8C8 /* RSS.app */;
			productType = "com.apple.product-type.application";
		};
		76F4E3DC1A53AFAA0044D8C8 /* RSSTests */ = {
			isa = PBXNativeTarget;
			buildConfigurationList = 76F4E3EA1A53AFAA0044D8C8 /* Build configuration list for PBXNativeTarget "RSSTests" */;
			buildPhases = (
				76F4E3D91A53AFAA0044D8C8 /* Sources */,
				76F4E3DA1A53AFAA0044D8C8 /* Frameworks */,
				76F4E3DB1A53AFAA0044D8C8 /* Resources */,
			);
			buildRules = (
			);
			dependencies = (
				76F4E3DF1A53AFAA0044D8C8 /* PBXTargetDependency */,
			);
			name = RSSTests;
			productName = RSSTests;
			productReference = 76F4E3DD1A53AFAA0044D8C8 /* RSSTests.xctest */;
			productType = "com.apple.product-type.bundle.unit-test";
		};
/* End PBXNativeTarget section */

/* Begin PBXProject section */
		76F4E3BC1A53AFAA0044D8C8 /* Project object */ = {
			isa = PBXProject;
			attributes = {
				LastUpgradeCheck = 0610;
				ORGANIZATIONNAME = Cyrilshanway;
				TargetAttributes = {
					76F4E3C31A53AFAA0044D8C8 = {
						CreatedOnToolsVersion = 6.1.1;
					};
					76F4E3DC1A53AFAA0044D8C8 = {
						CreatedOnToolsVersion = 6.1.1;
						TestTargetID = 76F4E3C31A53AFAA0044D8C8;
					};
				};
			};
			buildConfigurationList = 76F4E3BF1A53AFAA0044D8C8 /* Build configuration list for PBXProject "RSS" */;
			compatibilityVersion = "Xcode 3.2";
			developmentRegion = English;
			hasScannedForEncodings = 0;
			knownRegions = (
				en,
				Base,
			);
			mainGroup = 76F4E3BB1A53AFAA0044D8C8;
			productRefGroup = 76F4E3C51A53AFAA0044D8C8 /* Products */;
			projectDirPath = "";
			projectRoot = "";
			targets = (
				76F4E3C31A53AFAA0044D8C8 /* RSS */,
				76F4E3DC1A53AFAA0044D8C8 /* RSSTests */,
			);
		};
/* End PBXProject section */

/* Begin PBXResourcesBuildPhase section */
		76F4E3C21A53AFAA0044D8C8 /* Resources */ = {
			isa = PBXResourcesBuildPhase;
			buildActionMask = 2147483647;
			files = (
				76F4E3D31A53AFAA0044D8C8 /* Main.storyboard in Resources */,
				76F4E3D81A53AFAA0044D8C8 /* LaunchScreen.xib in Resources */,
				76F4E3D51A53AFAA0044D8C8 /* Images.xcassets in Resources */,
			);
			runOnlyForDeploymentPostprocessing = 0;
		};
		76F4E3DB1A53AFAA0044D8C8 /* Resources */ = {
			isa = PBXResourcesBuildPhase;
			buildActionMask = 2147483647;
			files = (
			);
			runOnlyForDeploymentPostprocessing = 0;
		};
/* End PBXResourcesBuildPhase section */

/* Begin PBXSourcesBuildPhase section */
		76F4E3C01A53AFAA0044D8C8 /* Sources */ = {
			isa = PBXSourcesBuildPhase;
			buildActionMask = 2147483647;
			files = (
				76F4E3F31A53B1810044D8C8 /* WebPageViewController.m in Sources */,
				76F4E3F71A53CB5D0044D8C8 /* RssItem.m in Sources */,
				76F4E3D01A53AFAA0044D8C8 /* ViewController.m in Sources */,
				76F4E3CD1A53AFAA0044D8C8 /* AppDelegate.m in Sources */,
				76F4E3CA1A53AFAA0044D8C8 /* main.m in Sources */,
				76F4E3F01A53B0750044D8C8 /* RSSReaderTableViewController.m in Sources */,
			);
			runOnlyForDeploymentPostprocessing = 0;
		};
		76F4E3D91A53AFAA0044D8C8 /* Sources */ = {
			isa = PBXSourcesBuildPhase;
			buildActionMask = 2147483647;
			files = (
				76F4E3E41A53AFAA0044D8C8 /* RSSTests.m in Sources */,
			);
			runOnlyForDeploymentPostprocessing = 0;
		};
/* End PBXSourcesBuildPhase section */

/* Begin PBXTargetDependency section */
		76F4E3DF1A53AFAA0044D8C8 /* PBXTargetDependency */ = {
			isa = PBXTargetDependency;
			target = 76F4E3C31A53AFAA0044D8C8 /* RSS */;
			targetProxy = 76F4E3DE1A53AFAA0044D8C8 /* PBXContainerItemProxy */;
		};
/* End PBXTargetDependency section */

/* Begin PBXVariantGroup section */
		76F4E3D11A53AFAA0044D8C8 /* Main.storyboard */ = {
			isa = PBXVariantGroup;
			children = (
				76F4E3D21A53AFAA0044D8C8 /* Base */,
			);
			name = Main.storyboard;
			sourceTree = "<group>";
		};
		76F4E3D61A53AFAA0044D8C8 /* LaunchScreen.xib */ = {
			isa = PBXVariantGroup;
			children = (
				76F4E3D71A53AFAA0044D8C8 /* Base */,
			);
			name = LaunchScreen.xib;
			sourceTree = "<group>";
		};
/* End PBXVariantGroup section */

/* Begin XCBuildConfiguration section */
		76F4E3E51A53AFAA0044D8C8 /* Debug */ = {
			isa = XCBuildConfiguration;
			buildSettings = {
				ALWAYS_SEARCH_USER_PATHS = NO;
				CLANG_CXX_LANGUAGE_STANDARD = "gnu++0x";
				CLANG_CXX_LIBRARY = "libc++";
				CLANG_ENABLE_MODULES = YES;
				CLANG_ENABLE_OBJC_ARC = YES;
				CLANG_WARN_BOOL_CONVERSION = YES;
				CLANG_WARN_CONSTANT_CONVERSION = YES;
				CLANG_WARN_DIRECT_OBJC_ISA_USAGE = YES_ERROR;
				CLANG_WARN_EMPTY_BODY = YES;
				CLANG_WARN_ENUM_CONVERSION = YES;
				CLANG_WARN_INT_CONVERSION = YES;
				CLANG_WARN_OBJC_ROOT_CLASS = YES_ERROR;
				CLANG_WARN_UNREACHABLE_CODE = YES;
				CLANG_WARN__DUPLICATE_METHOD_MATCH = YES;
				"CODE_SIGN_IDENTITY[sdk=iphoneos*]" = "iPhone Developer";
				COPY_PHASE_STRIP = NO;
				ENABLE_STRICT_OBJC_MSGSEND = YES;
				GCC_C_LANGUAGE_STANDARD = gnu99;
				GCC_DYNAMIC_NO_PIC = NO;
				GCC_OPTIMIZATION_LEVEL = 0;
				GCC_PREPROCESSOR_DEFINITIONS = (
					"DEBUG=1",
					"$(inherited)",
				);
				GCC_SYMBOLS_PRIVATE_EXTERN = NO;
				GCC_WARN_64_TO_32_BIT_CONVERSION = YES;
				GCC_WARN_ABOUT_RETURN_TYPE = YES_ERROR;
				GCC_WARN_UNDECLARED_SELECTOR = YES;
				GCC_WARN_UNINITIALIZED_AUTOS = YES_AGGRESSIVE;
				GCC_WARN_UNUSED_FUNCTION = YES;
				GCC_WARN_UNUSED_VARIABLE = YES;
				IPHONEOS_DEPLOYMENT_TARGET = 8.1;
				MTL_ENABLE_DEBUG_INFO = YES;
				ONLY_ACTIVE_ARCH = YES;
				SDKROOT = iphoneos;
			};
			name = Debug;
		};
		76F4E3E61A53AFAA0044D8C8 /* Release */ = {
			isa = XCBuildConfiguration;
			buildSettings = {
				ALWAYS_SEARCH_USER_PATHS = NO;
				CLANG_CXX_LANGUAGE_STANDARD = "gnu++0x";
				CLANG_CXX_LIBRARY = "libc++";
				CLANG_ENABLE_MODULES = YES;
				CLANG_ENABLE_OBJC_ARC = YES;
				CLANG_WARN_BOOL_CONVERSION = YES;
				CLANG_WARN_CONSTANT_CONVERSION = YES;
				CLANG_WARN_DIRECT_OBJC_ISA_USAGE = YES_ERROR;
				CLANG_WARN_EMPTY_BODY = YES;
				CLANG_WARN_ENUM_CONVERSION = YES;
				CLANG_WARN_INT_CONVERSION = YES;
				CLANG_WARN_OBJC_ROOT_CLASS = YES_ERROR;
				CLANG_WARN_UNREACHABLE_CODE = YES;
				CLANG_WARN__DUPLICATE_METHOD_MATCH = YES;
				"CODE_SIGN_IDENTITY[sdk=iphoneos*]" = "iPhone Developer";
				COPY_PHASE_STRIP = YES;
				ENABLE_NS_ASSERTIONS = NO;
				ENABLE_STRICT_OBJC_MSGSEND = YES;
				GCC_C_LANGUAGE_STANDARD = gnu99;
				GCC_WARN_64_TO_32_BIT_CONVERSION = YES;
				GCC_WARN_ABOUT_RETURN_TYPE = YES_ERROR;
				GCC_WARN_UNDECLARED_SELECTOR = YES;
				GCC_WARN_UNINITIALIZED_AUTOS = YES_AGGRESSIVE;
				GCC_WARN_UNUSED_FUNCTION = YES;
				GCC_WARN_UNUSED_VARIABLE = YES;
				IPHONEOS_DEPLOYMENT_TARGET = 8.1;
				MTL_ENABLE_DEBUG_INFO = NO;
				SDKROOT = iphoneos;
				VALIDATE_PRODUCT = YES;
			};
			name = Release;
		};
		76F4E3E81A53AFAA0044D8C8 /* Debug */ = {
			isa = XCBuildConfiguration;
			buildSettings = {
				ASSETCATALOG_COMPILER_APPICON_NAME = AppIcon;
				INFOPLIST_FILE = RSS/Info.plist;
				LD_RUNPATH_SEARCH_PATHS = "$(inherited) @executable_path/Frameworks";
				PRODUCT_NAME = "$(TARGET_NAME)";
			};
			name = Debug;
		};
		76F4E3E91A53AFAA0044D8C8 /* Release */ = {
			isa = XCBuildConfiguration;
			buildSettings = {
				ASSETCATALOG_COMPILER_APPICON_NAME = AppIcon;
				INFOPLIST_FILE = RSS/Info.plist;
				LD_RUNPATH_SEARCH_PATHS = "$(inherited) @executable_path/Frameworks";
				PRODUCT_NAME = "$(TARGET_NAME)";
			};
			name = Release;
		};
		76F4E3EB1A53AFAA0044D8C8 /* Debug */ = {
			isa = XCBuildConfiguration;
			buildSettings = {
				BUNDLE_LOADER = "$(TEST_HOST)";
				FRAMEWORK_SEARCH_PATHS = (
					"$(SDKROOT)/Developer/Library/Frameworks",
					"$(inherited)",
				);
				GCC_PREPROCESSOR_DEFINITIONS = (
					"DEBUG=1",
					"$(inherited)",
				);
				INFOPLIST_FILE = RSSTests/Info.plist;
				LD_RUNPATH_SEARCH_PATHS = "$(inherited) @executable_path/Frameworks @loader_path/Frameworks";
				PRODUCT_NAME = "$(TARGET_NAME)";
				TEST_HOST = "$(BUILT_PRODUCTS_DIR)/RSS.app/RSS";
			};
			name = Debug;
		};
		76F4E3EC1A53AFAA0044D8C8 /* Release */ = {
			isa = XCBuildConfiguration;
			buildSettings = {
				BUNDLE_LOADER = "$(TEST_HOST)";
				FRAMEWORK_SEARCH_PATHS = (
					"$(SDKROOT)/Developer/Library/Frameworks",
					"$(inherited)",
				);
				INFOPLIST_FILE = RSSTests/Info.plist;
				LD_RUNPATH_SEARCH_PATHS = "$(inherited) @executable_path/Frameworks @loader_path/Frameworks";
				PRODUCT_NAME = "$(TARGET_NAME)";
				TEST_HOST = "$(BUILT_PRODUCTS_DIR)/RSS.app/RSS";
			};
			name = Release;
		};
/* End XCBuildConfiguration section */

/* Begin XCConfigurationList section */
		76F4E3BF1A53AFAA0044D8C8 /* Build configuration list for PBXProject "RSS" */ = {
			isa = XCConfigurationList;
			buildConfigurations = (
				76F4E3E51A53AFAA0044D8C8 /* Debug */,
				76F4E3E61A53AFAA0044D8C8 /* Release */,
			);
			defaultConfigurationIsVisible = 0;
			defaultConfigurationName = Release;
		};
		76F4E3E71A53AFAA0044D8C8 /* Build configuration list for PBXNativeTarget "RSS" */ = {
			isa = XCConfigurationList;
			buildConfigurations = (
				76F4E3E81A53AFAA0044D8C8 /* Debug */,
				76F4E3E91A53AFAA0044D8C8 /* Release */,
			);
			defaultConfigurationIsVisible = 0;
		};
		76F4E3EA1A53AFAA0044D8C8 /* Build configuration list for PBXNativeTarget "RSSTests" */ = {
			isa = XCConfigurationList;
			buildConfigurations = (
				76F4E3EB1A53AFAA0044D8C8 /* Debug */,
				76F4E3EC1A53AFAA0044D8C8 /* Release */,
			);
			defaultConfigurationIsVisible = 0;
		};
/* End XCConfigurationList section */
	};
	rootObject = 76F4E3BC1A53AFAA0044D8C8 /* Project object */;
}
